
Microsoft Visual Studio Solution File, Format Version 12.00
# Visual Studio 15
VisualStudioVersion = 15.0.27004.2010
MinimumVisualStudioVersion = 10.0.40219.1
Project("{FAE04EC0-301F-11D3-BF4B-00C04F79EFBC}") = "PetiAPI.Android", "PetiAPI\PetiAPI.Android\PetiAPI.Android.csproj", "{E7FF9CE6-F46B-4321-9E23-BBEC0C813847}"
EndProject
Project("{FAE04EC0-301F-11D3-BF4B-00C04F79EFBC}") = "PetiAPI", "PetiAPI\PetiAPI\PetiAPI.csproj", "{55358313-0782-4795-BEEC-32DE5037858D}"
EndProject
Project("{FAE04EC0-301F-11D3-BF4B-00C04F79EFBC}") = "PetiAPI.iOS", "PetiAPI\PetiAPI.iOS\PetiAPI.iOS.csproj", "{8F2E6A5C-0378-4E39-AD3A-4B1E29B3D7E1}"
EndProject
Global
	GlobalSection(SolutionConfigurationPlatforms) = preSolution
		Ad-Hoc|Any CPU = Ad-Hoc|Any CPU
		Ad-Hoc|iPhone = Ad-Hoc|iPhone
		Ad-Hoc|iPhoneSimulator = Ad-Hoc|iPhoneSimulator
		AppStore|Any CPU = AppStore|Any CPU
		AppStore|iPhone = AppStore|iPhone
		AppStore|iPhoneSimulator = AppStore|iPhoneSimulator
		Debug|Any CPU = Debug|Any CPU
		Debug|iPhone = Debug|iPhone
		Debug|iPhoneSimulator = Debug|iPhoneSimulator
		Release|Any CPU = Release|Any CPU
		Release|iPhone = Release|iPhone
		Release|iPhoneSimulator = Release|iPhoneSimulator
	EndGlobalSection
	GlobalSection(ProjectConfigurationPlatforms) = postSolution
		{E7FF9CE6-F46B-4321-9E23-BBEC0C813847}.Ad-Hoc|Any CPU.ActiveCfg = Release|Any CPU
		{E7FF9CE6-F46B-4321-9E23-BBEC0C813847}.Ad-Hoc|Any CPU.Build.0 = Release|Any CPU
		{E7FF9CE6-F46B-4321-9E23-BBEC0C813847}.Ad-Hoc|Any CPU.Deploy.0 = Release|Any CPU
		{E7FF9CE6-F46B-4321-9E23-BBEC0C813847}.Ad-Hoc|iPhone.ActiveCfg = Release|Any CPU
		{E7FF9CE6-F46B-4321-9E23-BBEC0C813847}.Ad-Hoc|iPhone.Build.0 = Release|Any CPU
		{E7FF9CE6-F46B-4321-9E23-BBEC0C813847}.Ad-Hoc|iPhone.Deploy.0 = Release|Any CPU
		{E7FF9CE6-F46B-4321-9E23-BBEC0C813847}.Ad-Hoc|iPhoneSimulator.ActiveCfg = Release|Any CPU
		{E7FF9CE6-F46B-4321-9E23-BBEC0C813847}.Ad-Hoc|iPhoneSimulator.Build.0 = Release|Any CPU
		{E7FF9CE6-F46B-4321-9E23-BBEC0C813847}.Ad-Hoc|iPhoneSimulator.Deploy.0 = Release|Any CPU
		{E7FF9CE6-F46B-4321-9E23-BBEC0C813847}.AppStore|Any CPU.ActiveCfg = Release|Any CPU
		{E7FF9CE6-F46B-4321-9E23-BBEC0C813847}.AppStore|Any CPU.Build.0 = Release|Any CPU
		{E7FF9CE6-F46B-4321-9E23-BBEC0C813847}.AppStore|Any CPU.Deploy.0 = Release|Any CPU
		{E7FF9CE6-F46B-4321-9E23-BBEC0C813847}.AppStore|iPhone.ActiveCfg = Release|Any CPU
		{E7FF9CE6-F46B-4321-9E23-BBEC0C813847}.AppStore|iPhone.Build.0 = Release|Any CPU
		{E7FF9CE6-F46B-4321-9E23-BBEC0C813847}.AppStore|iPhone.Deploy.0 = Release|Any CPU
		{E7FF9CE6-F46B-4321-9E23-BBEC0C813847}.AppStore|iPhoneSimulator.ActiveCfg = Release|Any CPU
		{E7FF9CE6-F46B-4321-9E23-BBEC0C813847}.AppStore|iPhoneSimulator.Build.0 = Release|Any CPU
		{E7FF9CE6-F46B-4321-9E23-BBEC0C813847}.AppStore|iPhoneSimulator.Deploy.0 = Release|Any CPU
		{E7FF9CE6-F46B-4321-9E23-BBEC0C813847}.Debug|Any CPU.ActiveCfg = Debug|Any CPU
		{E7FF9CE6-F46B-4321-9E23-BBEC0C813847}.Debug|Any CPU.Build.0 = Debug|Any CPU
		{E7FF9CE6-F46B-4321-9E23-BBEC0C813847}.Debug|Any CPU.Deploy.0 = Debug|Any CPU
		{E7FF9CE6-F46B-4321-9E23-BBEC0C813847}.Debug|iPhone.ActiveCfg = Debug|Any CPU
		{E7FF9CE6-F46B-4321-9E23-BBEC0C813847}.Debug|iPhone.Build.0 = Debug|Any CPU
		{E7FF9CE6-F46B-4321-9E23-BBEC0C813847}.Debug|iPhone.Deploy.0 = Debug|Any CPU
		{E7FF9CE6-F46B-4321-9E23-BBEC0C813847}.Debug|iPhoneSimulator.ActiveCfg = Debug|Any CPU
		{E7FF9CE6-F46B-4321-9E23-BBEC0C813847}.Debug|iPhoneSimulator.Build.0 = Debug|Any CPU
		{E7FF9CE6-F46B-4321-9E23-BBEC0C813847}.Debug|iPhoneSimulator.Deploy.0 = Debug|Any CPU
		{E7FF9CE6-F46B-4321-9E23-BBEC0C813847}.Release|Any CPU.ActiveCfg = Release|Any CPU
		{E7FF9CE6-F46B-4321-9E23-BBEC0C813847}.Release|Any CPU.Build.0 = Release|Any CPU
		{E7FF9CE6-F46B-4321-9E23-BBEC0C813847}.Release|Any CPU.Deploy.0 = Release|Any CPU
		{E7FF9CE6-F46B-4321-9E23-BBEC0C813847}.Release|iPhone.ActiveCfg = Release|Any CPU
		{E7FF9CE6-F46B-4321-9E23-BBEC0C813847}.Release|iPhone.Build.0 = Release|Any CPU
		{E7FF9CE6-F46B-4321-9E23-BBEC0C813847}.Release|iPhone.Deploy.0 = Release|Any CPU
		{E7FF9CE6-F46B-4321-9E23-BBEC0C813847}.Release|iPhoneSimulator.ActiveCfg = Release|Any CPU
		{E7FF9CE6-F46B-4321-9E23-BBEC0C813847}.Release|iPhoneSimulator.Build.0 = Release|Any CPU
		{E7FF9CE6-F46B-4321-9E23-BBEC0C813847}.Release|iPhoneSimulator.Deploy.0 = Release|Any CPU
		{55358313-0782-4795-BEEC-32DE5037858D}.Ad-Hoc|Any CPU.ActiveCfg = Release|Any CPU
		{55358313-0782-4795-BEEC-32DE5037858D}.Ad-Hoc|Any CPU.Build.0 = Release|Any CPU
		{55358313-0782-4795-BEEC-32DE5037858D}.Ad-Hoc|iPhone.ActiveCfg = Release|Any CPU
		{55358313-0782-4795-BEEC-32DE5037858D}.Ad-Hoc|iPhone.Build.0 = Release|Any CPU
		{55358313-0782-4795-BEEC-32DE5037858D}.Ad-Hoc|iPhoneSimulator.ActiveCfg = Release|Any CPU
		{55358313-0782-4795-BEEC-32DE5037858D}.Ad-Hoc|iPhoneSimulator.Build.0 = Release|Any CPU
		{55358313-0782-4795-BEEC-32DE5037858D}.AppStore|Any CPU.ActiveCfg = Release|Any CPU
		{55358313-0782-4795-BEEC-32DE5037858D}.AppStore|Any CPU.Build.0 = Release|Any CPU
		{55358313-0782-4795-BEEC-32DE5037858D}.AppStore|iPhone.ActiveCfg = Release|Any CPU
		{55358313-0782-4795-BEEC-32DE5037858D}.AppStore|iPhone.Build.0 = Release|Any CPU
		{55358313-0782-4795-BEEC-32DE5037858D}.AppStore|iPhoneSimulator.ActiveCfg = Release|Any CPU
		{55358313-0782-4795-BEEC-32DE5037858D}.AppStore|iPhoneSimulator.Build.0 = Release|Any CPU
		{55358313-0782-4795-BEEC-32DE5037858D}.Debug|Any CPU.ActiveCfg = Debug|Any CPU
		{55358313-0782-4795-BEEC-32DE5037858D}.Debug|Any CPU.Build.0 = Debug|Any CPU
		{55358313-0782-4795-BEEC-32DE5037858D}.Debug|iPhone.ActiveCfg = Debug|Any CPU
		{55358313-0782-4795-BEEC-32DE5037858D}.Debug|iPhone.Build.0 = Debug|Any CPU
		{55358313-0782-4795-BEEC-32DE5037858D}.Debug|iPhoneSimulator.ActiveCfg = Debug|Any CPU
		{55358313-0782-4795-BEEC-32DE5037858D}.Debug|iPhoneSimulator.Build.0 = Debug|Any CPU
		{55358313-0782-4795-BEEC-32DE5037858D}.Release|Any CPU.ActiveCfg = Release|Any CPU
		{55358313-0782-4795-BEEC-32DE5037858D}.Release|Any CPU.Build.0 = Release|Any CPU
		{55358313-0782-4795-BEEC-32DE5037858D}.Release|iPhone.ActiveCfg = Release|Any CPU
		{55358313-0782-4795-BEEC-32DE5037858D}.Release|iPhone.Build.0 = Release|Any CPU
		{55358313-0782-4795-BEEC-32DE5037858D}.Release|iPhoneSimulator.ActiveCfg = Release|Any CPU
		{55358313-0782-4795-BEEC-32DE5037858D}.Release|iPhoneSimulator.Build.0 = Release|Any CPU
		{8F2E6A5C-0378-4E39-AD3A-4B1E29B3D7E1}.Ad-Hoc|Any CPU.ActiveCfg = Ad-Hoc|iPhoneSimulator
		{8F2E6A5C-0378-4E39-AD3A-4B1E29B3D7E1}.Ad-Hoc|iPhone.ActiveCfg = Ad-Hoc|iPhone
		{8F2E6A5C-0378-4E39-AD3A-4B1E29B3D7E1}.Ad-Hoc|iPhone.Build.0 = Ad-Hoc|iPhone
		{8F2E6A5C-0378-4E39-AD3A-4B1E29B3D7E1}.Ad-Hoc|iPhoneSimulator.ActiveCfg = Ad-Hoc|iPhoneSimulator
		{8F2E6A5C-0378-4E39-AD3A-4B1E29B3D7E1}.Ad-Hoc|iPhoneSimulator.Build.0 = Ad-Hoc|iPhoneSimulator
		{8F2E6A5C-0378-4E39-AD3A-4B1E29B3D7E1}.AppStore|Any CPU.ActiveCfg = AppStore|iPhoneSimulator
		{8F2E6A5C-0378-4E39-AD3A-4B1E29B3D7E1}.AppStore|iPhone.ActiveCfg = AppStore|iPhone
		{8F2E6A5C-0378-4E39-AD3A-4B1E29B3D7E1}.AppStore|iPhone.Build.0 = AppStore|iPhone
		{8F2E6A5C-0378-4E39-AD3A-4B1E29B3D7E1}.AppStore|iPhoneSimulator.ActiveCfg = AppStore|iPhoneSimulator
		{8F2E6A5C-0378-4E39-AD3A-4B1E29B3D7E1}.AppStore|iPhoneSimulator.Build.0 = AppStore|iPhoneSimulator
		{8F2E6A5C-0378-4E39-AD3A-4B1E29B3D7E1}.Debug|Any CPU.ActiveCfg = Debug|iPhoneSimulator
		{8F2E6A5C-0378-4E39-AD3A-4B1E29B3D7E1}.Debug|iPhone.ActiveCfg = Debug|iPhone
		{8F2E6A5C-0378-4E39-AD3A-4B1E29B3D7E1}.Debug|iPhone.Build.0 = Debug|iPhone
		{8F2E6A5C-0378-4E39-AD3A-4B1E29B3D7E1}.Debug|iPhoneSimulator.ActiveCfg = Debug|iPhoneSimulator
		{8F2E6A5C-0378-4E39-AD3A-4B1E29B3D7E1}.Debug|iPhoneSimulator.Build.0 = Debug|iPhoneSimulator
		{8F2E6A5C-0378-4E39-AD3A-4B1E29B3D7E1}.Release|Any CPU.ActiveCfg = Release|iPhoneSimulator
		{8F2E6A5C-0378-4E39-AD3A-4B1E29B3D7E1}.Release|iPhone.ActiveCfg = Release|iPhone
		{8F2E6A5C-0378-4E39-AD3A-4B1E29B3D7E1}.Release|iPhone.Build.0 = Release|iPhone
		{8F2E6A5C-0378-4E39-AD3A-4B1E29B3D7E1}.Release|iPhoneSimulator.ActiveCfg = Release|iPhoneSimulator
		{8F2E6A5C-0378-4E39-AD3A-4B1E29B3D7E1}.Release|iPhoneSimulator.Build.0 = Release|iPhoneSimulator
	EndGlobalSection
	GlobalSection(SolutionProperties) = preSolution
		HideSolutionNode = FALSE
	EndGlobalSection
	GlobalSection(ExtensibilityGlobals) = postSolution
		SolutionGuid = {CC862483-9F19-4B3F-9F9A-7585B5CDF232}
	EndGlobalSection
EndGlobal
